// !$*UTF8*$!
{
	archiveVersion = 1;
	classes = {
	};
	objectVersion = 50;
	objects = {

/* Begin PBXBuildFile section */
		950DC57526E11C7900682F5A /* AccountView.swift in Sources */ = {isa = PBXBuildFile; fileRef = 950DC57426E11C7900682F5A /* AccountView.swift */; };
		950DC57826E139EF00682F5A /* LoadTimeTableView.swift in Sources */ = {isa = PBXBuildFile; fileRef = 950DC57726E139EF00682F5A /* LoadTimeTableView.swift */; };
		9521B8AD26EE6A1000685EC2 /* SettingsView.swift in Sources */ = {isa = PBXBuildFile; fileRef = 9521B8AC26EE6A1000685EC2 /* SettingsView.swift */; };
		953575C926DF9EEC004C12B2 /* Assets.xcassets in Resources */ = {isa = PBXBuildFile; fileRef = 953575C826DF9EEC004C12B2 /* Assets.xcassets */; };
		953575CC26DF9EEC004C12B2 /* Preview Assets.xcassets in Resources */ = {isa = PBXBuildFile; fileRef = 953575CB26DF9EEC004C12B2 /* Preview Assets.xcassets */; };
		953575D426DF9F0A004C12B2 /* Card.swift in Sources */ = {isa = PBXBuildFile; fileRef = 953575D326DF9F0A004C12B2 /* Card.swift */; };
		953575DA26DFA369004C12B2 /* Extensions.swift in Sources */ = {isa = PBXBuildFile; fileRef = 953575D926DFA369004C12B2 /* Extensions.swift */; };
		953575DB26DFAA45004C12B2 /* Roboto-Bold.ttf in Resources */ = {isa = PBXBuildFile; fileRef = 953575D826DFA2EB004C12B2 /* Roboto-Bold.ttf */; };
		953575DC26DFAA45004C12B2 /* Roboto-Black.ttf in Resources */ = {isa = PBXBuildFile; fileRef = 953575D626DFA2EB004C12B2 /* Roboto-Black.ttf */; };
		953575DD26DFAA45004C12B2 /* Roboto-Medium.ttf in Resources */ = {isa = PBXBuildFile; fileRef = 953575D726DFA2EB004C12B2 /* Roboto-Medium.ttf */; };
		953575DF26DFB396004C12B2 /* TimeTableStruct.swift in Sources */ = {isa = PBXBuildFile; fileRef = 953575DE26DFB396004C12B2 /* TimeTableStruct.swift */; };
		953575E126E00AB5004C12B2 /* MainMenu.swift in Sources */ = {isa = PBXBuildFile; fileRef = 953575E026E00AB5004C12B2 /* MainMenu.swift */; };
		953575E326E00B2C004C12B2 /* TimeTableView.swift in Sources */ = {isa = PBXBuildFile; fileRef = 953575E226E00B2C004C12B2 /* TimeTableView.swift */; };
		954349A826F7196800852FBC /* TimeSettingsView.swift in Sources */ = {isa = PBXBuildFile; fileRef = 954349A726F7196800852FBC /* TimeSettingsView.swift */; };
		95798A6826EBDA4E00EF80E5 /* ValueSelectorView.swift in Sources */ = {isa = PBXBuildFile; fileRef = 95798A6726EBDA4E00EF80E5 /* ValueSelectorView.swift */; };
		95798A6A26EBF53700EF80E5 /* values.swift in Sources */ = {isa = PBXBuildFile; fileRef = 95798A6926EBF53700EF80E5 /* values.swift */; };
		959294B026EB9FCF009CACCD /* TimeTableEditor.swift in Sources */ = {isa = PBXBuildFile; fileRef = 959294AF26EB9FCF009CACCD /* TimeTableEditor.swift */; };
		959294B226EBA0F6009CACCD /* TableView.swift in Sources */ = {isa = PBXBuildFile; fileRef = 959294B126EBA0F6009CACCD /* TableView.swift */; };
		95963B4D26E4E2B300E3CB1C /* RegistrationView.swift in Sources */ = {isa = PBXBuildFile; fileRef = 95963B4C26E4E2B300E3CB1C /* RegistrationView.swift */; };
		95B0EE8126EBB0C3005E61CA /* NewLessonView.swift in Sources */ = {isa = PBXBuildFile; fileRef = 95B0EE8026EBB0C3005E61CA /* NewLessonView.swift */; };
		95C3CC8226E924C900B96F69 /* MyTimeTablesView.swift in Sources */ = {isa = PBXBuildFile; fileRef = 95C3CC8126E924C900B96F69 /* MyTimeTablesView.swift */; };
		95C3CC8426E94C6700B96F69 /* TimeTableCard.swift in Sources */ = {isa = PBXBuildFile; fileRef = 95C3CC8326E94C6700B96F69 /* TimeTableCard.swift */; };
		95D034E727024EC80080E389 /* TimeTableApp.swift in Sources */ = {isa = PBXBuildFile; fileRef = 953575C426DF9EEB004C12B2 /* TimeTableApp.swift */; };
		95DB2B4A26E105A00068AE39 /* SettingsMenu.swift in Sources */ = {isa = PBXBuildFile; fileRef = 95DB2B4926E105A00068AE39 /* SettingsMenu.swift */; };
		95F2F57426E04E9D0009D85A /* WeekView.swift in Sources */ = {isa = PBXBuildFile; fileRef = 95F2F57326E04E9D0009D85A /* WeekView.swift */; };
		95F90BC626F1423E008F8D36 /* TablePreviewView.swift in Sources */ = {isa = PBXBuildFile; fileRef = 95F90BC526F1423E008F8D36 /* TablePreviewView.swift */; };
		95F90BC826F1A452008F8D36 /* EmailView.swift in Sources */ = {isa = PBXBuildFile; fileRef = 95F90BC726F1A452008F8D36 /* EmailView.swift */; };
/* End PBXBuildFile section */

/* Begin PBXFileReference section */
		950DC57426E11C7900682F5A /* AccountView.swift */ = {isa = PBXFileReference; lastKnownFileType = sourcecode.swift; path = AccountView.swift; sourceTree = "<group>"; };
		950DC57726E139EF00682F5A /* LoadTimeTableView.swift */ = {isa = PBXFileReference; lastKnownFileType = sourcecode.swift; path = LoadTimeTableView.swift; sourceTree = "<group>"; };
		9521B8AC26EE6A1000685EC2 /* SettingsView.swift */ = {isa = PBXFileReference; lastKnownFileType = sourcecode.swift; path = SettingsView.swift; sourceTree = "<group>"; };
		953575C126DF9EEB004C12B2 /* TimeTable.app */ = {isa = PBXFileReference; explicitFileType = wrapper.application; includeInIndex = 0; path = TimeTable.app; sourceTree = BUILT_PRODUCTS_DIR; };
		953575C426DF9EEB004C12B2 /* TimeTableApp.swift */ = {isa = PBXFileReference; lastKnownFileType = sourcecode.swift; path = TimeTableApp.swift; sourceTree = "<group>"; };
		953575C826DF9EEC004C12B2 /* Assets.xcassets */ = {isa = PBXFileReference; lastKnownFileType = folder.assetcatalog; path = Assets.xcassets; sourceTree = "<group>"; };
		953575CB26DF9EEC004C12B2 /* Preview Assets.xcassets */ = {isa = PBXFileReference; lastKnownFileType = folder.assetcatalog; path = "Preview Assets.xcassets"; sourceTree = "<group>"; };
		953575CD26DF9EEC004C12B2 /* Info.plist */ = {isa = PBXFileReference; lastKnownFileType = text.plist.xml; path = Info.plist; sourceTree = "<group>"; };
		953575D326DF9F0A004C12B2 /* Card.swift */ = {isa = PBXFileReference; lastKnownFileType = sourcecode.swift; path = Card.swift; sourceTree = "<group>"; };
		953575D626DFA2EB004C12B2 /* Roboto-Black.ttf */ = {isa = PBXFileReference; lastKnownFileType = file; path = "Roboto-Black.ttf"; sourceTree = "<group>"; };
		953575D726DFA2EB004C12B2 /* Roboto-Medium.ttf */ = {isa = PBXFileReference; lastKnownFileType = file; path = "Roboto-Medium.ttf"; sourceTree = "<group>"; };
		953575D826DFA2EB004C12B2 /* Roboto-Bold.ttf */ = {isa = PBXFileReference; lastKnownFileType = file; path = "Roboto-Bold.ttf"; sourceTree = "<group>"; };
		953575D926DFA369004C12B2 /* Extensions.swift */ = {isa = PBXFileReference; lastKnownFileType = sourcecode.swift; path = Extensions.swift; sourceTree = "<group>"; };
		953575DE26DFB396004C12B2 /* TimeTableStruct.swift */ = {isa = PBXFileReference; lastKnownFileType = sourcecode.swift; path = TimeTableStruct.swift; sourceTree = "<group>"; };
		953575E026E00AB5004C12B2 /* MainMenu.swift */ = {isa = PBXFileReference; lastKnownFileType = sourcecode.swift; path = MainMenu.swift; sourceTree = "<group>"; };
		953575E226E00B2C004C12B2 /* TimeTableView.swift */ = {isa = PBXFileReference; lastKnownFileType = sourcecode.swift; path = TimeTableView.swift; sourceTree = "<group>"; };
		954349A726F7196800852FBC /* TimeSettingsView.swift */ = {isa = PBXFileReference; lastKnownFileType = sourcecode.swift; path = TimeSettingsView.swift; sourceTree = "<group>"; };
		95798A6726EBDA4E00EF80E5 /* ValueSelectorView.swift */ = {isa = PBXFileReference; lastKnownFileType = sourcecode.swift; path = ValueSelectorView.swift; sourceTree = "<group>"; };
		95798A6926EBF53700EF80E5 /* values.swift */ = {isa = PBXFileReference; lastKnownFileType = sourcecode.swift; path = values.swift; sourceTree = "<group>"; };
		959294AF26EB9FCF009CACCD /* TimeTableEditor.swift */ = {isa = PBXFileReference; lastKnownFileType = sourcecode.swift; path = TimeTableEditor.swift; sourceTree = "<group>"; };
		959294B126EBA0F6009CACCD /* TableView.swift */ = {isa = PBXFileReference; lastKnownFileType = sourcecode.swift; path = TableView.swift; sourceTree = "<group>"; };
		95963B4C26E4E2B300E3CB1C /* RegistrationView.swift */ = {isa = PBXFileReference; lastKnownFileType = sourcecode.swift; path = RegistrationView.swift; sourceTree = "<group>"; };
		95B0EE8026EBB0C3005E61CA /* NewLessonView.swift */ = {isa = PBXFileReference; lastKnownFileType = sourcecode.swift; path = NewLessonView.swift; sourceTree = "<group>"; };
		95C3CC8126E924C900B96F69 /* MyTimeTablesView.swift */ = {isa = PBXFileReference; lastKnownFileType = sourcecode.swift; path = MyTimeTablesView.swift; sourceTree = "<group>"; };
		95C3CC8326E94C6700B96F69 /* TimeTableCard.swift */ = {isa = PBXFileReference; lastKnownFileType = sourcecode.swift; path = TimeTableCard.swift; sourceTree = "<group>"; };
		95DB2B4926E105A00068AE39 /* SettingsMenu.swift */ = {isa = PBXFileReference; lastKnownFileType = sourcecode.swift; path = SettingsMenu.swift; sourceTree = "<group>"; };
		95E15E0626EE04FF00188B4C /* TimeTable.entitlements */ = {isa = PBXFileReference; lastKnownFileType = text.plist.entitlements; path = TimeTable.entitlements; sourceTree = "<group>"; };
		95F2F57326E04E9D0009D85A /* WeekView.swift */ = {isa = PBXFileReference; lastKnownFileType = sourcecode.swift; path = WeekView.swift; sourceTree = "<group>"; };
		95F90BC526F1423E008F8D36 /* TablePreviewView.swift */ = {isa = PBXFileReference; lastKnownFileType = sourcecode.swift; path = TablePreviewView.swift; sourceTree = "<group>"; };
		95F90BC726F1A452008F8D36 /* EmailView.swift */ = {isa = PBXFileReference; lastKnownFileType = sourcecode.swift; path = EmailView.swift; sourceTree = "<group>"; };
/* End PBXFileReference section */

/* Begin PBXFrameworksBuildPhase section */
		953575BE26DF9EEB004C12B2 /* Frameworks */ = {
			isa = PBXFrameworksBuildPhase;
			buildActionMask = 2147483647;
			files = (
			);
			runOnlyForDeploymentPostprocessing = 0;
		};
/* End PBXFrameworksBuildPhase section */

/* Begin PBXGroup section */
		950DC57626E139B700682F5A /* VIews */ = {
			isa = PBXGroup;
			children = (
				959294B526EBA2FF009CACCD /* Menus */,
				959294B426EBA2DE009CACCD /* TimeTable */,
				959294B326EBA2D5009CACCD /* Editor */,
				95F2F57326E04E9D0009D85A /* WeekView.swift */,
				953575D326DF9F0A004C12B2 /* Card.swift */,
				95798A6926EBF53700EF80E5 /* values.swift */,
			);
			name = VIews;
			sourceTree = "<group>";
		};
		953575B826DF9EEB004C12B2 = {
			isa = PBXGroup;
			children = (
				953575C326DF9EEB004C12B2 /* TimeTable */,
				953575C226DF9EEB004C12B2 /* Products */,
			);
			sourceTree = "<group>";
		};
		953575C226DF9EEB004C12B2 /* Products */ = {
			isa = PBXGroup;
			children = (
				953575C126DF9EEB004C12B2 /* TimeTable.app */,
			);
			name = Products;
			sourceTree = "<group>";
		};
		953575C326DF9EEB004C12B2 /* TimeTable */ = {
			isa = PBXGroup;
			children = (
				95E15E0626EE04FF00188B4C /* TimeTable.entitlements */,
				953575C426DF9EEB004C12B2 /* TimeTableApp.swift */,
				950DC57626E139B700682F5A /* VIews */,
				953575D526DFA2CC004C12B2 /* Fonts */,
				953575C826DF9EEC004C12B2 /* Assets.xcassets */,
				953575CD26DF9EEC004C12B2 /* Info.plist */,
				953575CA26DF9EEC004C12B2 /* Preview Content */,
				953575D926DFA369004C12B2 /* Extensions.swift */,
			);
			path = TimeTable;
			sourceTree = "<group>";
		};
		953575CA26DF9EEC004C12B2 /* Preview Content */ = {
			isa = PBXGroup;
			children = (
				953575CB26DF9EEC004C12B2 /* Preview Assets.xcassets */,
			);
			path = "Preview Content";
			sourceTree = "<group>";
		};
		953575D526DFA2CC004C12B2 /* Fonts */ = {
			isa = PBXGroup;
			children = (
				953575D626DFA2EB004C12B2 /* Roboto-Black.ttf */,
				953575D826DFA2EB004C12B2 /* Roboto-Bold.ttf */,
				953575D726DFA2EB004C12B2 /* Roboto-Medium.ttf */,
			);
			name = Fonts;
			sourceTree = "<group>";
		};
		959294B326EBA2D5009CACCD /* Editor */ = {
			isa = PBXGroup;
			children = (
				959294AF26EB9FCF009CACCD /* TimeTableEditor.swift */,
				95B0EE8026EBB0C3005E61CA /* NewLessonView.swift */,
				95798A6726EBDA4E00EF80E5 /* ValueSelectorView.swift */,
				9521B8AC26EE6A1000685EC2 /* SettingsView.swift */,
				954349A726F7196800852FBC /* TimeSettingsView.swift */,
			);
			name = Editor;
			sourceTree = "<group>";
		};
		959294B426EBA2DE009CACCD /* TimeTable */ = {
			isa = PBXGroup;
			children = (
				953575DE26DFB396004C12B2 /* TimeTableStruct.swift */,
				95C3CC8326E94C6700B96F69 /* TimeTableCard.swift */,
				959294B126EBA0F6009CACCD /* TableView.swift */,
			);
			name = TimeTable;
			sourceTree = "<group>";
		};
		959294B526EBA2FF009CACCD /* Menus */ = {
			isa = PBXGroup;
			children = (
				953575E026E00AB5004C12B2 /* MainMenu.swift */,
				95963B4C26E4E2B300E3CB1C /* RegistrationView.swift */,
				950DC57726E139EF00682F5A /* LoadTimeTableView.swift */,
				950DC57426E11C7900682F5A /* AccountView.swift */,
				95C3CC8126E924C900B96F69 /* MyTimeTablesView.swift */,
				953575E226E00B2C004C12B2 /* TimeTableView.swift */,
				95DB2B4926E105A00068AE39 /* SettingsMenu.swift */,
				95F90BC526F1423E008F8D36 /* TablePreviewView.swift */,
				95F90BC726F1A452008F8D36 /* EmailView.swift */,
			);
			name = Menus;
			sourceTree = "<group>";
		};
/* End PBXGroup section */

/* Begin PBXNativeTarget section */
		953575C026DF9EEB004C12B2 /* TimeTable */ = {
			isa = PBXNativeTarget;
			buildConfigurationList = 953575D026DF9EEC004C12B2 /* Build configuration list for PBXNativeTarget "TimeTable" */;
			buildPhases = (
				953575BD26DF9EEB004C12B2 /* Sources */,
				953575BE26DF9EEB004C12B2 /* Frameworks */,
				953575BF26DF9EEB004C12B2 /* Resources */,
			);
			buildRules = (
			);
			dependencies = (
			);
			name = TimeTable;
			productName = TimeTable;
			productReference = 953575C126DF9EEB004C12B2 /* TimeTable.app */;
			productType = "com.apple.product-type.application";
		};
/* End PBXNativeTarget section */

/* Begin PBXProject section */
		953575B926DF9EEB004C12B2 /* Project object */ = {
			isa = PBXProject;
			attributes = {
				LastSwiftUpdateCheck = 1250;
				LastUpgradeCheck = 1250;
				TargetAttributes = {
					953575C026DF9EEB004C12B2 = {
						CreatedOnToolsVersion = 12.5.1;
					};
				};
			};
			buildConfigurationList = 953575BC26DF9EEB004C12B2 /* Build configuration list for PBXProject "TimeTable" */;
			compatibilityVersion = "Xcode 9.3";
			developmentRegion = en;
			hasScannedForEncodings = 0;
			knownRegions = (
				en,
				Base,
			);
			mainGroup = 953575B826DF9EEB004C12B2;
			productRefGroup = 953575C226DF9EEB004C12B2 /* Products */;
			projectDirPath = "";
			projectRoot = "";
			targets = (
				953575C026DF9EEB004C12B2 /* TimeTable */,
			);
		};
/* End PBXProject section */

/* Begin PBXResourcesBuildPhase section */
		953575BF26DF9EEB004C12B2 /* Resources */ = {
			isa = PBXResourcesBuildPhase;
			buildActionMask = 2147483647;
			files = (
				953575DD26DFAA45004C12B2 /* Roboto-Medium.ttf in Resources */,
				953575CC26DF9EEC004C12B2 /* Preview Assets.xcassets in Resources */,
				953575C926DF9EEC004C12B2 /* Assets.xcassets in Resources */,
				953575DB26DFAA45004C12B2 /* Roboto-Bold.ttf in Resources */,
				953575DC26DFAA45004C12B2 /* Roboto-Black.ttf in Resources */,
			);
			runOnlyForDeploymentPostprocessing = 0;
		};
/* End PBXResourcesBuildPhase section */

/* Begin PBXSourcesBuildPhase section */
		953575BD26DF9EEB004C12B2 /* Sources */ = {
			isa = PBXSourcesBuildPhase;
			buildActionMask = 2147483647;
			files = (
				95963B4D26E4E2B300E3CB1C /* RegistrationView.swift in Sources */,
				95798A6826EBDA4E00EF80E5 /* ValueSelectorView.swift in Sources */,
				95F90BC626F1423E008F8D36 /* TablePreviewView.swift in Sources */,
				959294B226EBA0F6009CACCD /* TableView.swift in Sources */,
				953575DF26DFB396004C12B2 /* TimeTableStruct.swift in Sources */,
				953575E126E00AB5004C12B2 /* MainMenu.swift in Sources */,
				95798A6A26EBF53700EF80E5 /* values.swift in Sources */,
				95D034E727024EC80080E389 /* TimeTableApp.swift in Sources */,
				959294B026EB9FCF009CACCD /* TimeTableEditor.swift in Sources */,
				953575DA26DFA369004C12B2 /* Extensions.swift in Sources */,
				950DC57526E11C7900682F5A /* AccountView.swift in Sources */,
				95B0EE8126EBB0C3005E61CA /* NewLessonView.swift in Sources */,
				95DB2B4A26E105A00068AE39 /* SettingsMenu.swift in Sources */,
				954349A826F7196800852FBC /* TimeSettingsView.swift in Sources */,
				95C3CC8426E94C6700B96F69 /* TimeTableCard.swift in Sources */,
				95F2F57426E04E9D0009D85A /* WeekView.swift in Sources */,
				953575D426DF9F0A004C12B2 /* Card.swift in Sources */,
				95C3CC8226E924C900B96F69 /* MyTimeTablesView.swift in Sources */,
				95F90BC826F1A452008F8D36 /* EmailView.swift in Sources */,
				950DC57826E139EF00682F5A /* LoadTimeTableView.swift in Sources */,
				953575E326E00B2C004C12B2 /* TimeTableView.swift in Sources */,
				9521B8AD26EE6A1000685EC2 /* SettingsView.swift in Sources */,
			);
			runOnlyForDeploymentPostprocessing = 0;
		};
/* End PBXSourcesBuildPhase section */

/* Begin XCBuildConfiguration section */
		953575CE26DF9EEC004C12B2 /* Debug */ = {
			isa = XCBuildConfiguration;
			buildSettings = {
				ALWAYS_SEARCH_USER_PATHS = NO;
				CLANG_ANALYZER_NONNULL = YES;
				CLANG_ANALYZER_NUMBER_OBJECT_CONVERSION = YES_AGGRESSIVE;
				CLANG_CXX_LANGUAGE_STANDARD = "gnu++14";
				CLANG_CXX_LIBRARY = "libc++";
				CLANG_ENABLE_MODULES = YES;
				CLANG_ENABLE_OBJC_ARC = YES;
				CLANG_ENABLE_OBJC_WEAK = YES;
				CLANG_WARN_BLOCK_CAPTURE_AUTORELEASING = YES;
				CLANG_WARN_BOOL_CONVERSION = YES;
				CLANG_WARN_COMMA = YES;
				CLANG_WARN_CONSTANT_CONVERSION = YES;
				CLANG_WARN_DEPRECATED_OBJC_IMPLEMENTATIONS = YES;
				CLANG_WARN_DIRECT_OBJC_ISA_USAGE = YES_ERROR;
				CLANG_WARN_DOCUMENTATION_COMMENTS = YES;
				CLANG_WARN_EMPTY_BODY = YES;
				CLANG_WARN_ENUM_CONVERSION = YES;
				CLANG_WARN_INFINITE_RECURSION = YES;
				CLANG_WARN_INT_CONVERSION = YES;
				CLANG_WARN_NON_LITERAL_NULL_CONVERSION = YES;
				CLANG_WARN_OBJC_IMPLICIT_RETAIN_SELF = YES;
				CLANG_WARN_OBJC_LITERAL_CONVERSION = YES;
				CLANG_WARN_OBJC_ROOT_CLASS = YES_ERROR;
				CLANG_WARN_QUOTED_INCLUDE_IN_FRAMEWORK_HEADER = YES;
				CLANG_WARN_RANGE_LOOP_ANALYSIS = YES;
				CLANG_WARN_STRICT_PROTOTYPES = YES;
				CLANG_WARN_SUSPICIOUS_MOVE = YES;
				CLANG_WARN_UNGUARDED_AVAILABILITY = YES_AGGRESSIVE;
				CLANG_WARN_UNREACHABLE_CODE = YES;
				CLANG_WARN__DUPLICATE_METHOD_MATCH = YES;
				COPY_PHASE_STRIP = NO;
				DEBUG_INFORMATION_FORMAT = dwarf;
				ENABLE_STRICT_OBJC_MSGSEND = YES;
				ENABLE_TESTABILITY = YES;
				GCC_C_LANGUAGE_STANDARD = gnu11;
				GCC_DYNAMIC_NO_PIC = NO;
				GCC_NO_COMMON_BLOCKS = YES;
				GCC_OPTIMIZATION_LEVEL = 0;
				GCC_PREPROCESSOR_DEFINITIONS = (
					"DEBUG=1",
					"$(inherited)",
				);
				GCC_WARN_64_TO_32_BIT_CONVERSION = YES;
				GCC_WARN_ABOUT_RETURN_TYPE = YES_ERROR;
				GCC_WARN_UNDECLARED_SELECTOR = YES;
				GCC_WARN_UNINITIALIZED_AUTOS = YES_AGGRESSIVE;
				GCC_WARN_UNUSED_FUNCTION = YES;
				GCC_WARN_UNUSED_VARIABLE = YES;
				IPHONEOS_DEPLOYMENT_TARGET = 14.2;
				MTL_ENABLE_DEBUG_INFO = INCLUDE_SOURCE;
				MTL_FAST_MATH = YES;
				ONLY_ACTIVE_ARCH = YES;
				SDKROOT = iphoneos;
				SWIFT_ACTIVE_COMPILATION_CONDITIONS = DEBUG;
				SWIFT_OPTIMIZATION_LEVEL = "-Onone";
			};
			name = Debug;
		};
		953575CF26DF9EEC004C12B2 /* Release */ = {
			isa = XCBuildConfiguration;
			buildSettings = {
				ALWAYS_SEARCH_USER_PATHS = NO;
				CLANG_ANALYZER_NONNULL = YES;
				CLANG_ANALYZER_NUMBER_OBJECT_CONVERSION = YES_AGGRESSIVE;
				CLANG_CXX_LANGUAGE_STANDARD = "gnu++14";
				CLANG_CXX_LIBRARY = "libc++";
				CLANG_ENABLE_MODULES = YES;
				CLANG_ENABLE_OBJC_ARC = YES;
				CLANG_ENABLE_OBJC_WEAK = YES;
				CLANG_WARN_BLOCK_CAPTURE_AUTORELEASING = YES;
				CLANG_WARN_BOOL_CONVERSION = YES;
				CLANG_WARN_COMMA = YES;
				CLANG_WARN_CONSTANT_CONVERSION = YES;
				CLANG_WARN_DEPRECATED_OBJC_IMPLEMENTATIONS = YES;
				CLANG_WARN_DIRECT_OBJC_ISA_USAGE = YES_ERROR;
				CLANG_WARN_DOCUMENTATION_COMMENTS = YES;
				CLANG_WARN_EMPTY_BODY = YES;
				CLANG_WARN_ENUM_CONVERSION = YES;
				CLANG_WARN_INFINITE_RECURSION = YES;
				CLANG_WARN_INT_CONVERSION = YES;
				CLANG_WARN_NON_LITERAL_NULL_CONVERSION = YES;
				CLANG_WARN_OBJC_IMPLICIT_RETAIN_SELF = YES;
				CLANG_WARN_OBJC_LITERAL_CONVERSION = YES;
				CLANG_WARN_OBJC_ROOT_CLASS = YES_ERROR;
				CLANG_WARN_QUOTED_INCLUDE_IN_FRAMEWORK_HEADER = YES;
				CLANG_WARN_RANGE_LOOP_ANALYSIS = YES;
				CLANG_WARN_STRICT_PROTOTYPES = YES;
				CLANG_WARN_SUSPICIOUS_MOVE = YES;
				CLANG_WARN_UNGUARDED_AVAILABILITY = YES_AGGRESSIVE;
				CLANG_WARN_UNREACHABLE_CODE = YES;
				CLANG_WARN__DUPLICATE_METHOD_MATCH = YES;
				COPY_PHASE_STRIP = NO;
				DEBUG_INFORMATION_FORMAT = "dwarf-with-dsym";
				ENABLE_NS_ASSERTIONS = NO;
				ENABLE_STRICT_OBJC_MSGSEND = YES;
				GCC_C_LANGUAGE_STANDARD = gnu11;
				GCC_NO_COMMON_BLOCKS = YES;
				GCC_WARN_64_TO_32_BIT_CONVERSION = YES;
				GCC_WARN_ABOUT_RETURN_TYPE = YES_ERROR;
				GCC_WARN_UNDECLARED_SELECTOR = YES;
				GCC_WARN_UNINITIALIZED_AUTOS = YES_AGGRESSIVE;
				GCC_WARN_UNUSED_FUNCTION = YES;
				GCC_WARN_UNUSED_VARIABLE = YES;
				IPHONEOS_DEPLOYMENT_TARGET = 14.2;
				MTL_ENABLE_DEBUG_INFO = NO;
				MTL_FAST_MATH = YES;
				SDKROOT = iphoneos;
				SWIFT_COMPILATION_MODE = wholemodule;
				SWIFT_OPTIMIZATION_LEVEL = "-O";
				VALIDATE_PRODUCT = YES;
			};
			name = Release;
		};
		953575D126DF9EEC004C12B2 /* Debug */ = {
			isa = XCBuildConfiguration;
			buildSettings = {
				ASSETCATALOG_COMPILER_APPICON_NAME = AppIcon;
				ASSETCATALOG_COMPILER_GLOBAL_ACCENT_COLOR_NAME = AccentColor;
				CODE_SIGN_ENTITLEMENTS = TimeTable/TimeTable.entitlements;
				CODE_SIGN_IDENTITY = "Apple Development";
				CODE_SIGN_STYLE = Automatic;
				CURRENT_PROJECT_VERSION = 7;
				DEVELOPMENT_ASSET_PATHS = "\"TimeTable/Preview Content\"";
				DEVELOPMENT_TEAM = G7668ALM57;
				ENABLE_PREVIEWS = YES;
				INFOPLIST_FILE = TimeTable/Info.plist;
				IPHONEOS_DEPLOYMENT_TARGET = 14.2;
				LD_RUNPATH_SEARCH_PATHS = (
					"$(inherited)",
					"@executable_path/Frameworks",
				);
				MARKETING_VERSION = 1.0.0;
				PRODUCT_BUNDLE_IDENTIFIER = com.null.zed.StudRasp;
				PRODUCT_NAME = "$(TARGET_NAME)";
				PROVISIONING_PROFILE_SPECIFIER = "";
				SWIFT_VERSION = 5.0;
				TARGETED_DEVICE_FAMILY = 1;
			};
			name = Debug;
		};
		953575D226DF9EEC004C12B2 /* Release */ = {
			isa = XCBuildConfiguration;
			buildSettings = {
				ASSETCATALOG_COMPILER_APPICON_NAME = AppIcon;
				ASSETCATALOG_COMPILER_GLOBAL_ACCENT_COLOR_NAME = AccentColor;
				CODE_SIGN_ENTITLEMENTS = TimeTable/TimeTable.entitlements;
				CODE_SIGN_IDENTITY = "Apple Development";
				CODE_SIGN_STYLE = Automatic;
				CURRENT_PROJECT_VERSION = 7;
				DEVELOPMENT_ASSET_PATHS = "\"TimeTable/Preview Content\"";
				DEVELOPMENT_TEAM = G7668ALM57;
				ENABLE_PREVIEWS = YES;
				INFOPLIST_FILE = TimeTable/Info.plist;
				IPHONEOS_DEPLOYMENT_TARGET = 14.2;
				LD_RUNPATH_SEARCH_PATHS = (
					"$(inherited)",
					"@executable_path/Frameworks",
				);
				MARKETING_VERSION = 1.0.0;
				PRODUCT_BUNDLE_IDENTIFIER = com.null.zed.StudRasp;
				PRODUCT_NAME = "$(TARGET_NAME)";
				PROVISIONING_PROFILE_SPECIFIER = "";
				SWIFT_VERSION = 5.0;
				TARGETED_DEVICE_FAMILY = 1;
			};
			name = Release;
		};
/* End XCBuildConfiguration section */

/* Begin XCConfigurationList section */
		953575BC26DF9EEB004C12B2 /* Build configuration list for PBXProject "TimeTable" */ = {
			isa = XCConfigurationList;
			buildConfigurations = (
				953575CE26DF9EEC004C12B2 /* Debug */,
				953575CF26DF9EEC004C12B2 /* Release */,
			);
			defaultConfigurationIsVisible = 0;
			defaultConfigurationName = Release;
		};
		953575D026DF9EEC004C12B2 /* Build configuration list for PBXNativeTarget "TimeTable" */ = {
			isa = XCConfigurationList;
			buildConfigurations = (
				953575D126DF9EEC004C12B2 /* Debug */,
				953575D226DF9EEC004C12B2 /* Release */,
			);
			defaultConfigurationIsVisible = 0;
			defaultConfigurationName = Release;
		};
/* End XCConfigurationList section */
	};
	rootObject = 953575B926DF9EEB004C12B2 /* Project object */;
}
